
Microsoft Visual Studio Solution File, Format Version 12.00
# Visual Studio Version 17
VisualStudioVersion = 17.11.35222.181
MinimumVisualStudioVersion = 10.0.40219.1
Project("{FAE04EC0-301F-11D3-BF4B-00C04F79EFBC}") = "2.Print Even Numbers Upto Input", "2.Print Even Numbers Upto Input\2.Print Even Numbers Upto Input.csproj", "{04BBD759-82D7-4B5B-8A9F-58A82DBD86B8}"
EndProject
Global
	GlobalSection(SolutionConfigurationPlatforms) = preSolution
		Debug|Any CPU = Debug|Any CPU
		Release|Any CPU = Release|Any CPU
	EndGlobalSection
	GlobalSection(ProjectConfigurationPlatforms) = postSolution
		{04BBD759-82D7-4B5B-8A9F-58A82DBD86B8}.Debug|Any CPU.ActiveCfg = Debug|Any CPU
		{04BBD759-82D7-4B5B-8A9F-58A82DBD86B8}.Debug|Any CPU.Build.0 = Debug|Any CPU
		{04BBD759-82D7-4B5B-8A9F-58A82DBD86B8}.Release|Any CPU.ActiveCfg = Release|Any CPU
		{04BBD759-82D7-4B5B-8A9F-58A82DBD86B8}.Release|Any CPU.Build.0 = Release|Any CPU
	EndGlobalSection
	GlobalSection(SolutionProperties) = preSolution
		HideSolutionNode = FALSE
	EndGlobalSection
	GlobalSection(ExtensibilityGlobals) = postSolution
		SolutionGuid = {9B5730D4-7631-42AA-8C59-291DC23BA929}
	EndGlobalSection
EndGlobal
